
Microsoft Visual Studio Solution File, Format Version 12.00
# Visual Studio Version 17
VisualStudioVersion = 17.3.32825.248
MinimumVisualStudioVersion = 10.0.40219.1
Project("{FAE04EC0-301F-11D3-BF4B-00C04F79EFBC}") = "MVVM_CRUD-App_Rapid", "MVVM_CRUD-App_Rapid.csproj", "{1EFF1E8E-450F-4BCB-9AF0-74713787FDE2}"
EndProject
Global
	GlobalSection(SolutionConfigurationPlatforms) = preSolution
		Debug|Any CPU = Debug|Any CPU
		Release|Any CPU = Release|Any CPU
	EndGlobalSection
	GlobalSection(ProjectConfigurationPlatforms) = postSolution
		{1EFF1E8E-450F-4BCB-9AF0-74713787FDE2}.Debug|Any CPU.ActiveCfg = Debug|Any CPU
		{1EFF1E8E-450F-4BCB-9AF0-74713787FDE2}.Debug|Any CPU.Build.0 = Debug|Any CPU
		{1EFF1E8E-450F-4BCB-9AF0-74713787FDE2}.Release|Any CPU.ActiveCfg = Release|Any CPU
		{1EFF1E8E-450F-4BCB-9AF0-74713787FDE2}.Release|Any CPU.Build.0 = Release|Any CPU
	EndGlobalSection
	GlobalSection(SolutionProperties) = preSolution
		HideSolutionNode = FALSE
	EndGlobalSection
	GlobalSection(ExtensibilityGlobals) = postSolution
		SolutionGuid = {74EF6971-2442-4E82-B733-9FE17B2579E4}
	EndGlobalSection
EndGlobal
